
Microsoft Visual Studio Solution File, Format Version 12.00
# Visual Studio Version 16
VisualStudioVersion = 16.0.30523.141
MinimumVisualStudioVersion = 10.0.40219.1
Project("{FAE04EC0-301F-11D3-BF4B-00C04F79EFBC}") = "Net3202_Lab1_CodeItInc", "Net3202_Lab1_CodeItInc\Net3202_Lab1_CodeItInc.csproj", "{6EA8B95E-ABC8-4B81-80C3-4ABF97C5E455}"
EndProject
Global
	GlobalSection(SolutionConfigurationPlatforms) = preSolution
		Debug|Any CPU = Debug|Any CPU
		Release|Any CPU = Release|Any CPU
	EndGlobalSection
	GlobalSection(ProjectConfigurationPlatforms) = postSolution
		{6EA8B95E-ABC8-4B81-80C3-4ABF97C5E455}.Debug|Any CPU.ActiveCfg = Debug|Any CPU
		{6EA8B95E-ABC8-4B81-80C3-4ABF97C5E455}.Debug|Any CPU.Build.0 = Debug|Any CPU
		{6EA8B95E-ABC8-4B81-80C3-4ABF97C5E455}.Release|Any CPU.ActiveCfg = Release|Any CPU
		{6EA8B95E-ABC8-4B81-80C3-4ABF97C5E455}.Release|Any CPU.Build.0 = Release|Any CPU
	EndGlobalSection
	GlobalSection(SolutionProperties) = preSolution
		HideSolutionNode = FALSE
	EndGlobalSection
	GlobalSection(ExtensibilityGlobals) = postSolution
		SolutionGuid = {BAF9696D-50BB-41C2-A75D-64E7FCC57C46}
	EndGlobalSection
EndGlobal
